
Microsoft Visual Studio Solution File, Format Version 12.00
# Visual Studio Version 17
VisualStudioVersion = 17.5.33424.131
MinimumVisualStudioVersion = 10.0.40219.1
Project("{FAE04EC0-301F-11D3-BF4B-00C04F79EFBC}") = "SignalR", "SignalR\SignalR\SignalR.csproj", "{9B614268-FD11-43CF-BA3F-1129450A00B6}"
EndProject
Project("{FAE04EC0-301F-11D3-BF4B-00C04F79EFBC}") = "MauiSignalR.Server", "MauiSignalR.Server\MauiSignalR.Server.csproj", "{33D88039-0B86-408A-87F0-ED99F4E5A853}"
EndProject
Global
	GlobalSection(SolutionConfigurationPlatforms) = preSolution
		Debug|Any CPU = Debug|Any CPU
		Release|Any CPU = Release|Any CPU
	EndGlobalSection
	GlobalSection(ProjectConfigurationPlatforms) = postSolution
		{9B614268-FD11-43CF-BA3F-1129450A00B6}.Debug|Any CPU.ActiveCfg = Debug|Any CPU
		{9B614268-FD11-43CF-BA3F-1129450A00B6}.Debug|Any CPU.Build.0 = Debug|Any CPU
		{9B614268-FD11-43CF-BA3F-1129450A00B6}.Debug|Any CPU.Deploy.0 = Debug|Any CPU
		{9B614268-FD11-43CF-BA3F-1129450A00B6}.Release|Any CPU.ActiveCfg = Release|Any CPU
		{9B614268-FD11-43CF-BA3F-1129450A00B6}.Release|Any CPU.Build.0 = Release|Any CPU
		{9B614268-FD11-43CF-BA3F-1129450A00B6}.Release|Any CPU.Deploy.0 = Release|Any CPU
		{33D88039-0B86-408A-87F0-ED99F4E5A853}.Debug|Any CPU.ActiveCfg = Debug|Any CPU
		{33D88039-0B86-408A-87F0-ED99F4E5A853}.Debug|Any CPU.Build.0 = Debug|Any CPU
		{33D88039-0B86-408A-87F0-ED99F4E5A853}.Release|Any CPU.ActiveCfg = Release|Any CPU
		{33D88039-0B86-408A-87F0-ED99F4E5A853}.Release|Any CPU.Build.0 = Release|Any CPU
	EndGlobalSection
	GlobalSection(SolutionProperties) = preSolution
		HideSolutionNode = FALSE
	EndGlobalSection
	GlobalSection(ExtensibilityGlobals) = postSolution
		SolutionGuid = {553AFE85-588E-43FF-94A6-72066C7C66A6}
	EndGlobalSection
EndGlobal
